// !$*UTF8*$!
{
	archiveVersion = 1;
	classes = {
	};
	objectVersion = 46;
	objects = {

/* Begin PBXBuildFile section */
		15BEA07B1D3DC36800DFD822 /* AppDelegate.swift in Sources */ = {isa = PBXBuildFile; fileRef = 15BEA07A1D3DC36800DFD822 /* AppDelegate.swift */; };
		15BEA07D1D3DC36800DFD822 /* ViewController.swift in Sources */ = {isa = PBXBuildFile; fileRef = 15BEA07C1D3DC36800DFD822 /* ViewController.swift */; };
		15BEA0801D3DC36800DFD822 /* Main.storyboard in Resources */ = {isa = PBXBuildFile; fileRef = 15BEA07E1D3DC36800DFD822 /* Main.storyboard */; };
		15BEA0821D3DC36800DFD822 /* Assets.xcassets in Resources */ = {isa = PBXBuildFile; fileRef = 15BEA0811D3DC36800DFD822 /* Assets.xcassets */; };
		15BEA0851D3DC36800DFD822 /* LaunchScreen.storyboard in Resources */ = {isa = PBXBuildFile; fileRef = 15BEA0831D3DC36800DFD822 /* LaunchScreen.storyboard */; };
		15BEA08E1D3DC3AC00DFD822 /* UnLockView.swift in Sources */ = {isa = PBXBuildFile; fileRef = 15BEA08D1D3DC3AC00DFD822 /* UnLockView.swift */; };
		15BEA0911D3DC40700DFD822 /* UnLockButton.swift in Sources */ = {isa = PBXBuildFile; fileRef = 15BEA0901D3DC40700DFD822 /* UnLockButton.swift */; };
/* End PBXBuildFile section */

/* Begin PBXFileReference section */
		15BEA0771D3DC36800DFD822 /* GestureUnlock.app */ = {isa = PBXFileReference; explicitFileType = wrapper.application; includeInIndex = 0; path = GestureUnlock.app; sourceTree = BUILT_PRODUCTS_DIR; };
		15BEA07A1D3DC36800DFD822 /* AppDelegate.swift */ = {isa = PBXFileReference; lastKnownFileType = sourcecode.swift; path = AppDelegate.swift; sourceTree = "<group>"; };
		15BEA07C1D3DC36800DFD822 /* ViewController.swift */ = {isa = PBXFileReference; lastKnownFileType = sourcecode.swift; path = ViewController.swift; sourceTree = "<group>"; };
		15BEA07F1D3DC36800DFD822 /* Base */ = {isa = PBXFileReference; lastKnownFileType = file.storyboard; name = Base; path = Base.lproj/Main.storyboard; sourceTree = "<group>"; };
		15BEA0811D3DC36800DFD822 /* Assets.xcassets */ = {isa = PBXFileReference; lastKnownFileType = folder.assetcatalog; path = Assets.xcassets; sourceTree = "<group>"; };
		15BEA0841D3DC36800DFD822 /* Base */ = {isa = PBXFileReference; lastKnownFileType = file.storyboard; name = Base; path = Base.lproj/LaunchScreen.storyboard; sourceTree = "<group>"; };
		15BEA0861D3DC36800DFD822 /* Info.plist */ = {isa = PBXFileReference; lastKnownFileType = text.plist.xml; path = Info.plist; sourceTree = "<group>"; };
		15BEA08D1D3DC3AC00DFD822 /* UnLockView.swift */ = {isa = PBXFileReference; fileEncoding = 4; lastKnownFileType = sourcecode.swift; path = UnLockView.swift; sourceTree = "<group>"; };
		15BEA0901D3DC40700DFD822 /* UnLockButton.swift */ = {isa = PBXFileReference; fileEncoding = 4; lastKnownFileType = sourcecode.swift; path = UnLockButton.swift; sourceTree = "<group>"; };
/* End PBXFileReference section */

/* Begin PBXFrameworksBuildPhase section */
		15BEA0741D3DC36800DFD822 /* Frameworks */ = {
			isa = PBXFrameworksBuildPhase;
			buildActionMask = 2147483647;
			files = (
			);
			runOnlyForDeploymentPostprocessing = 0;
		};
/* End PBXFrameworksBuildPhase section */

/* Begin PBXGroup section */
		15BEA06E1D3DC36800DFD822 = {
			isa = PBXGroup;
			children = (
				15BEA0791D3DC36800DFD822 /* GestureUnlock */,
				15BEA0781D3DC36800DFD822 /* Products */,
			);
			sourceTree = "<group>";
		};
		15BEA0781D3DC36800DFD822 /* Products */ = {
			isa = PBXGroup;
			children = (
				15BEA0771D3DC36800DFD822 /* GestureUnlock.app */,
			);
			name = Products;
			sourceTree = "<group>";
		};
		15BEA0791D3DC36800DFD822 /* GestureUnlock */ = {
			isa = PBXGroup;
			children = (
				15BEA08C1D3DC38100DFD822 /* GestureView */,
				15BEA07A1D3DC36800DFD822 /* AppDelegate.swift */,
				15BEA07C1D3DC36800DFD822 /* ViewController.swift */,
				15BEA07E1D3DC36800DFD822 /* Main.storyboard */,
				15BEA0811D3DC36800DFD822 /* Assets.xcassets */,
				15BEA0831D3DC36800DFD822 /* LaunchScreen.storyboard */,
				15BEA0861D3DC36800DFD822 /* Info.plist */,
			);
			path = GestureUnlock;
			sourceTree = "<group>";
		};
		15BEA08C1D3DC38100DFD822 /* GestureView */ = {
			isa = PBXGroup;
			children = (
				15BEA08D1D3DC3AC00DFD822 /* UnLockView.swift */,
				15BEA0901D3DC40700DFD822 /* UnLockButton.swift */,
			);
			name = GestureView;
			sourceTree = "<group>";
		};
/* End PBXGroup section */

/* Begin PBXNativeTarget section */
		15BEA0761D3DC36800DFD822 /* GestureUnlock */ = {
			isa = PBXNativeTarget;
			buildConfigurationList = 15BEA0891D3DC36800DFD822 /* Build configuration list for PBXNativeTarget "GestureUnlock" */;
			buildPhases = (
				15BEA0731D3DC36800DFD822 /* Sources */,
				15BEA0741D3DC36800DFD822 /* Frameworks */,
				15BEA0751D3DC36800DFD822 /* Resources */,
			);
			buildRules = (
			);
			dependencies = (
			);
			name = GestureUnlock;
			productName = GestureUnlock;
			productReference = 15BEA0771D3DC36800DFD822 /* GestureUnlock.app */;
			productType = "com.apple.product-type.application";
		};
/* End PBXNativeTarget section */

/* Begin PBXProject section */
		15BEA06F1D3DC36800DFD822 /* Project object */ = {
			isa = PBXProject;
			attributes = {
				LastSwiftUpdateCheck = 0720;
				LastUpgradeCheck = 0720;
				ORGANIZATIONNAME = XQ;
				TargetAttributes = {
					15BEA0761D3DC36800DFD822 = {
						CreatedOnToolsVersion = 7.2;
					};
				};
			};
			buildConfigurationList = 15BEA0721D3DC36800DFD822 /* Build configuration list for PBXProject "GestureUnlock" */;
			compatibilityVersion = "Xcode 3.2";
			developmentRegion = English;
			hasScannedForEncodings = 0;
			knownRegions = (
				en,
				Base,
			);
			mainGroup = 15BEA06E1D3DC36800DFD822;
			productRefGroup = 15BEA0781D3DC36800DFD822 /* Products */;
			projectDirPath = "";
			projectRoot = "";
			targets = (
				15BEA0761D3DC36800DFD822 /* GestureUnlock */,
			);
		};
/* End PBXProject section */

/* Begin PBXResourcesBuildPhase section */
		15BEA0751D3DC36800DFD822 /* Resources */ = {
			isa = PBXResourcesBuildPhase;
			buildActionMask = 2147483647;
			files = (
				15BEA0851D3DC36800DFD822 /* LaunchScreen.storyboard in Resources */,
				15BEA0821D3DC36800DFD822 /* Assets.xcassets in Resources */,
				15BEA0801D3DC36800DFD822 /* Main.storyboard in Resources */,
			);
			runOnlyForDeploymentPostprocessing = 0;
		};
/* End PBXResourcesBuildPhase section */

/* Begin PBXSourcesBuildPhase section */
		15BEA0731D3DC36800DFD822 /* Sources */ = {
			isa = PBXSourcesBuildPhase;
			buildActionMask = 2147483647;
			files = (
				15BEA07D1D3DC36800DFD822 /* ViewController.swift in Sources */,
				15BEA0911D3DC40700DFD822 /* UnLockButton.swift in Sources */,
				15BEA08E1D3DC3AC00DFD822 /* UnLockView.swift in Sources */,
				15BEA07B1D3DC36800DFD822 /* AppDelegate.swift in Sources */,
			);
			runOnlyForDeploymentPostprocessing = 0;
		};
/* End PBXSourcesBuildPhase section */

/* Begin PBXVariantGroup section */
		15BEA07E1D3DC36800DFD822 /* Main.storyboard */ = {
			isa = PBXVariantGroup;
			children = (
				15BEA07F1D3DC36800DFD822 /* Base */,
			);
			name = Main.storyboard;
			sourceTree = "<group>";
		};
		15BEA0831D3DC36800DFD822 /* LaunchScreen.storyboard */ = {
			isa = PBXVariantGroup;
			children = (
				15BEA0841D3DC36800DFD822 /* Base */,
			);
			name = LaunchScreen.storyboard;
			sourceTree = "<group>";
		};
/* End PBXVariantGroup section */

/* Begin XCBuildConfiguration section */
		15BEA0871D3DC36800DFD822 /* Debug */ = {
			isa = XCBuildConfiguration;
			buildSettings = {
				ALWAYS_SEARCH_USER_PATHS = NO;
				CLANG_CXX_LANGUAGE_STANDARD = "gnu++0x";
				CLANG_CXX_LIBRARY = "libc++";
				CLANG_ENABLE_MODULES = YES;
				CLANG_ENABLE_OBJC_ARC = YES;
				CLANG_WARN_BOOL_CONVERSION = YES;
				CLANG_WARN_CONSTANT_CONVERSION = YES;
				CLANG_WARN_DIRECT_OBJC_ISA_USAGE = YES_ERROR;
				CLANG_WARN_EMPTY_BODY = YES;
				CLANG_WARN_ENUM_CONVERSION = YES;
				CLANG_WARN_INT_CONVERSION = YES;
				CLANG_WARN_OBJC_ROOT_CLASS = YES_ERROR;
				CLANG_WARN_UNREACHABLE_CODE = YES;
				CLANG_WARN__DUPLICATE_METHOD_MATCH = YES;
				"CODE_SIGN_IDENTITY[sdk=iphoneos*]" = "iPhone Developer";
				COPY_PHASE_STRIP = NO;
				DEBUG_INFORMATION_FORMAT = dwarf;
				ENABLE_STRICT_OBJC_MSGSEND = YES;
				ENABLE_TESTABILITY = YES;
				GCC_C_LANGUAGE_STANDARD = gnu99;
				GCC_DYNAMIC_NO_PIC = NO;
				GCC_NO_COMMON_BLOCKS = YES;
				GCC_OPTIMIZATION_LEVEL = 0;
				GCC_PREPROCESSOR_DEFINITIONS = (
					"DEBUG=1",
					"$(inherited)",
				);
				GCC_WARN_64_TO_32_BIT_CONVERSION = YES;
				GCC_WARN_ABOUT_RETURN_TYPE = YES_ERROR;
				GCC_WARN_UNDECLARED_SELECTOR = YES;
				GCC_WARN_UNINITIALIZED_AUTOS = YES_AGGRESSIVE;
				GCC_WARN_UNUSED_FUNCTION = YES;
				GCC_WARN_UNUSED_VARIABLE = YES;
				IPHONEOS_DEPLOYMENT_TARGET = 9.2;
				MTL_ENABLE_DEBUG_INFO = YES;
				ONLY_ACTIVE_ARCH = YES;
				SDKROOT = iphoneos;
				SWIFT_OPTIMIZATION_LEVEL = "-Onone";
			};
			name = Debug;
		};
		15BEA0881D3DC36800DFD822 /* Release */ = {
			isa = XCBuildConfiguration;
			buildSettings = {
				ALWAYS_SEARCH_USER_PATHS = NO;
				CLANG_CXX_LANGUAGE_STANDARD = "gnu++0x";
				CLANG_CXX_LIBRARY = "libc++";
				CLANG_ENABLE_MODULES = YES;
				CLANG_ENABLE_OBJC_ARC = YES;
				CLANG_WARN_BOOL_CONVERSION = YES;
				CLANG_WARN_CONSTANT_CONVERSION = YES;
				CLANG_WARN_DIRECT_OBJC_ISA_USAGE = YES_ERROR;
				CLANG_WARN_EMPTY_BODY = YES;
				CLANG_WARN_ENUM_CONVERSION = YES;
				CLANG_WARN_INT_CONVERSION = YES;
				CLANG_WARN_OBJC_ROOT_CLASS = YES_ERROR;
				CLANG_WARN_UNREACHABLE_CODE = YES;
				CLANG_WARN__DUPLICATE_METHOD_MATCH = YES;
				"CODE_SIGN_IDENTITY[sdk=iphoneos*]" = "iPhone Developer";
				COPY_PHASE_STRIP = NO;
				DEBUG_INFORMATION_FORMAT = "dwarf-with-dsym";
				ENABLE_NS_ASSERTIONS = NO;
				ENABLE_STRICT_OBJC_MSGSEND = YES;
				GCC_C_LANGUAGE_STANDARD = gnu99;
				GCC_NO_COMMON_BLOCKS = YES;
				GCC_WARN_64_TO_32_BIT_CONVERSION = YES;
				GCC_WARN_ABOUT_RETURN_TYPE = YES_ERROR;
				GCC_WARN_UNDECLARED_SELECTOR = YES;
				GCC_WARN_UNINITIALIZED_AUTOS = YES_AGGRESSIVE;
				GCC_WARN_UNUSED_FUNCTION = YES;
				GCC_WARN_UNUSED_VARIABLE = YES;
				IPHONEOS_DEPLOYMENT_TARGET = 9.2;
				MTL_ENABLE_DEBUG_INFO = NO;
				SDKROOT = iphoneos;
				VALIDATE_PRODUCT = YES;
			};
			name = Release;
		};
		15BEA08A1D3DC36800DFD822 /* Debug */ = {
			isa = XCBuildConfiguration;
			buildSettings = {
				ASSETCATALOG_COMPILER_APPICON_NAME = AppIcon;
				INFOPLIST_FILE = GestureUnlock/Info.plist;
				LD_RUNPATH_SEARCH_PATHS = "$(inherited) @executable_path/Frameworks";
				PRODUCT_BUNDLE_IDENTIFIER = com.xq.GestureUnlock;
				PRODUCT_NAME = "$(TARGET_NAME)";
			};
			name = Debug;
		};
		15BEA08B1D3DC36800DFD822 /* Release */ = {
			isa = XCBuildConfiguration;
			buildSettings = {
				ASSETCATALOG_COMPILER_APPICON_NAME = AppIcon;
				INFOPLIST_FILE = GestureUnlock/Info.plist;
				LD_RUNPATH_SEARCH_PATHS = "$(inherited) @executable_path/Frameworks";
				PRODUCT_BUNDLE_IDENTIFIER = com.xq.GestureUnlock;
				PRODUCT_NAME = "$(TARGET_NAME)";
			};
			name = Release;
		};
/* End XCBuildConfiguration section */

/* Begin XCConfigurationList section */
		15BEA0721D3DC36800DFD822 /* Build configuration list for PBXProject "GestureUnlock" */ = {
			isa = XCConfigurationList;
			buildConfigurations = (
				15BEA0871D3DC36800DFD822 /* Debug */,
				15BEA0881D3DC36800DFD822 /* Release */,
			);
			defaultConfigurationIsVisible = 0;
			defaultConfigurationName = Release;
		};
		15BEA0891D3DC36800DFD822 /* Build configuration list for PBXNativeTarget "GestureUnlock" */ = {
			isa = XCConfigurationList;
			buildConfigurations = (
				15BEA08A1D3DC36800DFD822 /* Debug */,
				15BEA08B1D3DC36800DFD822 /* Release */,
			);
			defaultConfigurationIsVisible = 0;
		};
/* End XCConfigurationList section */
	};
	rootObject = 15BEA06F1D3DC36800DFD822 /* Project object */;
}
